Microsoft Visual Studio Solution File, Format Version 12.00
# Visual Studio 2012
Project("{FAE04EC0-301F-11D3-BF4B-00C04F79EFBC}") = "GoGodotJam 2021", "GoGodotJam 2021.csproj", "{997B97DC-381F-4ED8-BDCA-7973B3AAEB04}"
EndProject
Global
	GlobalSection(SolutionConfigurationPlatforms) = preSolution
	Debug|Any CPU = Debug|Any CPU
	ExportDebug|Any CPU = ExportDebug|Any CPU
	ExportRelease|Any CPU = ExportRelease|Any CPU
	EndGlobalSection
	GlobalSection(ProjectConfigurationPlatforms) = postSolution
		{997B97DC-381F-4ED8-BDCA-7973B3AAEB04}.Debug|Any CPU.ActiveCfg = Debug|Any CPU
		{997B97DC-381F-4ED8-BDCA-7973B3AAEB04}.Debug|Any CPU.Build.0 = Debug|Any CPU
		{997B97DC-381F-4ED8-BDCA-7973B3AAEB04}.ExportDebug|Any CPU.ActiveCfg = ExportDebug|Any CPU
		{997B97DC-381F-4ED8-BDCA-7973B3AAEB04}.ExportDebug|Any CPU.Build.0 = ExportDebug|Any CPU
		{997B97DC-381F-4ED8-BDCA-7973B3AAEB04}.ExportRelease|Any CPU.ActiveCfg = ExportRelease|Any CPU
		{997B97DC-381F-4ED8-BDCA-7973B3AAEB04}.ExportRelease|Any CPU.Build.0 = ExportRelease|Any CPU
	EndGlobalSection
EndGlobal
